
Microsoft Visual Studio Solution File, Format Version 12.00
# Visual Studio Version 16
VisualStudioVersion = 25.0.1700.0
MinimumVisualStudioVersion = 10.0.40219.1
Project("{FAE04EC0-301F-11D3-BF4B-00C04F79EFBC}") = "cs08_paskaita", "cs08_paskaita\cs08_paskaita.csproj", "{F4174B56-780A-4D61-B14A-06866FBED8BA}"
EndProject
Global
	GlobalSection(SolutionConfigurationPlatforms) = preSolution
		Debug|Any CPU = Debug|Any CPU
		Release|Any CPU = Release|Any CPU
	EndGlobalSection
	GlobalSection(ProjectConfigurationPlatforms) = postSolution
		{F4174B56-780A-4D61-B14A-06866FBED8BA}.Debug|Any CPU.ActiveCfg = Debug|Any CPU
		{F4174B56-780A-4D61-B14A-06866FBED8BA}.Debug|Any CPU.Build.0 = Debug|Any CPU
		{F4174B56-780A-4D61-B14A-06866FBED8BA}.Release|Any CPU.ActiveCfg = Release|Any CPU
		{F4174B56-780A-4D61-B14A-06866FBED8BA}.Release|Any CPU.Build.0 = Release|Any CPU
	EndGlobalSection
	GlobalSection(SolutionProperties) = preSolution
		HideSolutionNode = FALSE
	EndGlobalSection
	GlobalSection(ExtensibilityGlobals) = postSolution
		SolutionGuid = {D0A08480-9AAD-4993-9379-C8FECB415AA4}
	EndGlobalSection
EndGlobal
